dependencies:
- name: nats
  repository: https://charts.bitnami.com/bitnami
  version: 6.0.0
- name: redis
  repository: https://charts.bitnami.com/bitnami
  version: 12.1.1
- name: etcd
  repository: https://charts.bitnami.com/bitnami
  version: 5.4.2
digest: sha256:288ee38464f13658b2509d84a84431e59154f93e4e802e2278902f6088672584
generated: "2021-01-04T19:18:11.521032622Z"
